
Microsoft Visual Studio Solution File, Format Version 12.00
Project("{FAE04EC0-301F-11D3-BF4B-00C04F79EFBC}") = "WebApp", "WebApp\WebApp.csproj", "{435CDB32-8610-424B-86C9-D45CA1EAC510}"
EndProject
Global
	GlobalSection(SolutionConfigurationPlatforms) = preSolution
		Debug|Any CPU = Debug|Any CPU
		Release|Any CPU = Release|Any CPU
	EndGlobalSection
	GlobalSection(ProjectConfigurationPlatforms) = postSolution
		{435CDB32-8610-424B-86C9-D45CA1EAC510}.Debug|Any CPU.ActiveCfg = Debug|Any CPU
		{435CDB32-8610-424B-86C9-D45CA1EAC510}.Debug|Any CPU.Build.0 = Debug|Any CPU
		{435CDB32-8610-424B-86C9-D45CA1EAC510}.Release|Any CPU.ActiveCfg = Release|Any CPU
		{435CDB32-8610-424B-86C9-D45CA1EAC510}.Release|Any CPU.Build.0 = Release|Any CPU
	EndGlobalSection
EndGlobal
